
Microsoft Visual Studio Solution File, Format Version 12.00
# Visual Studio 14
VisualStudioVersion = 14.0.25420.1
MinimumVisualStudioVersion = 10.0.40219.1
Project("{FAE04EC0-301F-11D3-BF4B-00C04F79EFBC}") = "Exercise3", "Homework1\Exercise3.csproj", "{83565CC3-C736-4BCD-85EB-544645478C0D}"
EndProject
Project("{FAE04EC0-301F-11D3-BF4B-00C04F79EFBC}") = "Exercise2", "ConsoleApplication1\Exercise2.csproj", "{0AE6834B-BAE1-4437-8D78-A33E1491AB09}"
EndProject
Project("{FAE04EC0-301F-11D3-BF4B-00C04F79EFBC}") = "Exercise1", "Exercise1\Exercise1.csproj", "{6AFF8F4E-33C4-4020-A221-2F138B1D7E53}"
EndProject
Project("{FAE04EC0-301F-11D3-BF4B-00C04F79EFBC}") = "Exercise0", "Exercise0\Exercise0.csproj", "{37016A50-F0C9-4B67-9B14-AC73097FE8B8}"
EndProject
Project("{FAE04EC0-301F-11D3-BF4B-00C04F79EFBC}") = "Exercise5", "Exercise5\Exercise5.csproj", "{F64DA45E-7C22-4C8B-BAEA-241719757D4C}"
EndProject
Project("{FAE04EC0-301F-11D3-BF4B-00C04F79EFBC}") = "Exercise6", "Exercise6\Exercise6.csproj", "{6BD9E35D-BB7A-4562-8B1A-EF45D8330E2C}"
EndProject
Project("{FAE04EC0-301F-11D3-BF4B-00C04F79EFBC}") = "Exercise7", "Exercise7\Exercise7.csproj", "{2628633B-2FE3-4537-95D7-1000E60EC307}"
EndProject
Global
	GlobalSection(SolutionConfigurationPlatforms) = preSolution
		Debug|Any CPU = Debug|Any CPU
		Release|Any CPU = Release|Any CPU
	EndGlobalSection
	GlobalSection(ProjectConfigurationPlatforms) = postSolution
		{83565CC3-C736-4BCD-85EB-544645478C0D}.Debug|Any CPU.ActiveCfg = Debug|Any CPU
		{83565CC3-C736-4BCD-85EB-544645478C0D}.Debug|Any CPU.Build.0 = Debug|Any CPU
		{83565CC3-C736-4BCD-85EB-544645478C0D}.Release|Any CPU.ActiveCfg = Release|Any CPU
		{83565CC3-C736-4BCD-85EB-544645478C0D}.Release|Any CPU.Build.0 = Release|Any CPU
		{0AE6834B-BAE1-4437-8D78-A33E1491AB09}.Debug|Any CPU.ActiveCfg = Debug|Any CPU
		{0AE6834B-BAE1-4437-8D78-A33E1491AB09}.Debug|Any CPU.Build.0 = Debug|Any CPU
		{0AE6834B-BAE1-4437-8D78-A33E1491AB09}.Release|Any CPU.ActiveCfg = Release|Any CPU
		{0AE6834B-BAE1-4437-8D78-A33E1491AB09}.Release|Any CPU.Build.0 = Release|Any CPU
		{6AFF8F4E-33C4-4020-A221-2F138B1D7E53}.Debug|Any CPU.ActiveCfg = Debug|Any CPU
		{6AFF8F4E-33C4-4020-A221-2F138B1D7E53}.Debug|Any CPU.Build.0 = Debug|Any CPU
		{6AFF8F4E-33C4-4020-A221-2F138B1D7E53}.Release|Any CPU.ActiveCfg = Release|Any CPU
		{6AFF8F4E-33C4-4020-A221-2F138B1D7E53}.Release|Any CPU.Build.0 = Release|Any CPU
		{37016A50-F0C9-4B67-9B14-AC73097FE8B8}.Debug|Any CPU.ActiveCfg = Debug|Any CPU
		{37016A50-F0C9-4B67-9B14-AC73097FE8B8}.Debug|Any CPU.Build.0 = Debug|Any CPU
		{37016A50-F0C9-4B67-9B14-AC73097FE8B8}.Release|Any CPU.ActiveCfg = Release|Any CPU
		{37016A50-F0C9-4B67-9B14-AC73097FE8B8}.Release|Any CPU.Build.0 = Release|Any CPU
		{F64DA45E-7C22-4C8B-BAEA-241719757D4C}.Debug|Any CPU.ActiveCfg = Debug|Any CPU
		{F64DA45E-7C22-4C8B-BAEA-241719757D4C}.Debug|Any CPU.Build.0 = Debug|Any CPU
		{F64DA45E-7C22-4C8B-BAEA-241719757D4C}.Release|Any CPU.ActiveCfg = Release|Any CPU
		{F64DA45E-7C22-4C8B-BAEA-241719757D4C}.Release|Any CPU.Build.0 = Release|Any CPU
		{6BD9E35D-BB7A-4562-8B1A-EF45D8330E2C}.Debug|Any CPU.ActiveCfg = Debug|Any CPU
		{6BD9E35D-BB7A-4562-8B1A-EF45D8330E2C}.Debug|Any CPU.Build.0 = Debug|Any CPU
		{6BD9E35D-BB7A-4562-8B1A-EF45D8330E2C}.Release|Any CPU.ActiveCfg = Release|Any CPU
		{6BD9E35D-BB7A-4562-8B1A-EF45D8330E2C}.Release|Any CPU.Build.0 = Release|Any CPU
		{2628633B-2FE3-4537-95D7-1000E60EC307}.Debug|Any CPU.ActiveCfg = Debug|Any CPU
		{2628633B-2FE3-4537-95D7-1000E60EC307}.Debug|Any CPU.Build.0 = Debug|Any CPU
		{2628633B-2FE3-4537-95D7-1000E60EC307}.Release|Any CPU.ActiveCfg = Release|Any CPU
		{2628633B-2FE3-4537-95D7-1000E60EC307}.Release|Any CPU.Build.0 = Release|Any CPU
	EndGlobalSection
	GlobalSection(SolutionProperties) = preSolution
		HideSolutionNode = FALSE
	EndGlobalSection
EndGlobal
